{
  "nodes": {
    "home-manager": {
      "inputs": {
        "nixpkgs": [
          "nixpkgs"
        ]
      },
      "locked": {
        "lastModified": 1696446489,
        "narHash": "sha256-xSjMKdNR+q/3hdSPyg/LUMsZT/WIoUi8dcm5zT4SMUQ=",
        "owner": "nix-community",
        "repo": "home-manager",
        "rev": "68f7d8c0fb0bfc67d1916dd7f06288424360d43a",
        "type": "github"
      },
      "original": {
        "owner": "nix-community",
        "ref": "master",
        "repo": "home-manager",
        "type": "github"
      }
    },
    "nixos-hardware": {
      "locked": {
        "lastModified": 1696161939,
        "narHash": "sha256-HI1DxS//s46/qv9dcW06TzXaBjxL2DVTQP8R1QsnHzM=",
        "owner": "NixOS",
        "repo": "nixos-hardware",
        "rev": "0ab3ee718e964fb42dc57ace6170f19cb0b66532",
        "type": "github"
      },
      "original": {
        "owner": "NixOS",
        "ref": "master",
        "repo": "nixos-hardware",
        "type": "github"
      }
    },
    "nixpkgs": {
      "locked": {
        "lastModified": 1696193975,
        "narHash": "sha256-mnQjUcYgp9Guu3RNVAB2Srr1TqKcPpRXmJf4LJk6KRY=",
        "owner": "NixOS",
        "repo": "nixpkgs",
        "rev": "fdd898f8f79e8d2f99ed2ab6b3751811ef683242",
        "type": "github"
      },
      "original": {
        "owner": "NixOS",
        "ref": "nixos-unstable",
        "repo": "nixpkgs",
        "type": "github"
      }
    },
    "nixpkgs_2": {
      "locked": {
        "lastModified": 1696019113,
        "narHash": "sha256-X3+DKYWJm93DRSdC5M6K5hLqzSya9BjibtBsuARoPco=",
        "owner": "NixOS",
        "repo": "nixpkgs",
        "rev": "f5892ddac112a1e9b3612c39af1b72987ee5783a",
        "type": "github"
      },
      "original": {
        "owner": "NixOS",
        "ref": "nixos-unstable",
        "repo": "nixpkgs",
        "type": "github"
      }
    },
    "pinputs": {
      "inputs": {
        "nixpkgs": [
          "nixpkgs"
        ]
      },
      "locked": {
        "lastModified": 1695878741,
        "narHash": "sha256-9WoKYqKgpKUb0TpwFUHX/o1Cw+WMh+OQikIJn0sKDco=",
        "owner": "pyrotelekinetic",
        "repo": "pinputs",
        "rev": "a9ebb74e13edcbb606e480d8bc4f52f31ee6eb65",
        "type": "github"
      },
      "original": {
        "owner": "pyrotelekinetic",
        "ref": "main",
        "repo": "pinputs",
        "type": "github"
      }
    },
    "pyroscheme": {
      "inputs": {
        "nixpkgs": "nixpkgs_2"
      },
      "locked": {
        "lastModified": 1696283915,
        "narHash": "sha256-QJUiSYz/5MT8rdnfK4/wx1MxoMMRgaxkiqMzHb+eNYY=",
        "owner": "pyrotelekinetic",
        "repo": "pyroscheme",
        "rev": "127cd54855d5c52445394d5cc6ef65ec33f92ad2",
        "type": "github"
      },
      "original": {
        "owner": "pyrotelekinetic",
        "ref": "main",
        "repo": "pyroscheme",
        "type": "github"
      }
    },
    "root": {
      "inputs": {
        "home-manager": "home-manager",
        "nixos-hardware": "nixos-hardware",
        "nixpkgs": "nixpkgs",
        "pinputs": "pinputs",
        "pyroscheme": "pyroscheme",
        "sops-nix": "sops-nix"
      }
    },
    "sops-nix": {
      "inputs": {
        "nixpkgs": [
          "nixpkgs"
        ],
        "nixpkgs-stable": [
          "nixpkgs"
        ]
      },
      "locked": {
        "lastModified": 1696320910,
        "narHash": "sha256-fbuEc6wylH+0VxG48lhPBK+SQJHfo2lusUwWHZNipIM=",
        "owner": "Mic92",
        "repo": "sops-nix",
        "rev": "746c7fa1a64c1671a4bf287737c27fdc7101c4c2",
        "type": "github"
      },
      "original": {
        "owner": "Mic92",
        "ref": "master",
        "repo": "sops-nix",
        "type": "github"
      }
    }
  },
  "root": "root",
  "version": 7
}
